
Microsoft Visual Studio Solution File, Format Version 12.00
# Visual Studio 15
Project("{FAE04EC0-301F-11D3-BF4B-00C04F79EFBC}") = "namely-chat", "namely-chat\namely-chat.csproj", "{4F8420E7-9A6D-4BE1-925E-BC0BB2CF05C4}"
EndProject
Project("{2150E333-8FDC-42A3-9474-1A3956D46DE8}") = "Solution Items", "Solution Items", "{157CE84A-FF7A-44DA-86BF-FE0069E61606}"
	ProjectSection(SolutionItems) = preProject
		Dockerfile = Dockerfile
	EndProjectSection
EndProject
Global
	GlobalSection(SolutionConfigurationPlatforms) = preSolution
		Debug|Any CPU = Debug|Any CPU
		Release|Any CPU = Release|Any CPU
	EndGlobalSection
	GlobalSection(ProjectConfigurationPlatforms) = postSolution
		{4F8420E7-9A6D-4BE1-925E-BC0BB2CF05C4}.Debug|Any CPU.ActiveCfg = Debug|Any CPU
		{4F8420E7-9A6D-4BE1-925E-BC0BB2CF05C4}.Debug|Any CPU.Build.0 = Debug|Any CPU
		{4F8420E7-9A6D-4BE1-925E-BC0BB2CF05C4}.Release|Any CPU.ActiveCfg = Release|Any CPU
		{4F8420E7-9A6D-4BE1-925E-BC0BB2CF05C4}.Release|Any CPU.Build.0 = Release|Any CPU
	EndGlobalSection
EndGlobal
